
Microsoft Visual Studio Solution File, Format Version 12.00
# Visual Studio 14
VisualStudioVersion = 14.0.25420.1
MinimumVisualStudioVersion = 10.0.40219.1
Project("{FAE04EC0-301F-11D3-BF4B-00C04F79EFBC}") = "WinMultimeter", "WinMultimeter\WinMultimeter.csproj", "{7878040A-2286-4A53-A2CA-05B683DC0ABA}"
EndProject
Project("{FAE04EC0-301F-11D3-BF4B-00C04F79EFBC}") = "Model", "Model\Model.csproj", "{B444795C-8159-4711-A521-C9B269617367}"
EndProject
Project("{FAE04EC0-301F-11D3-BF4B-00C04F79EFBC}") = "DCS.Model2700_COM", "DCS.Model2700_COM\DCS.Model2700_COM.csproj", "{E33E3272-6844-4CEE-B7D9-A2752D667C20}"
EndProject
Project("{FAE04EC0-301F-11D3-BF4B-00C04F79EFBC}") = "DCS.Model6500_COM", "DCS.Model6500_COM\DCS.Model6500_COM.csproj", "{AB5B1BE2-F360-4C63-A9E8-64C85B411539}"
EndProject
Project("{FAE04EC0-301F-11D3-BF4B-00C04F79EFBC}") = "DCS.Model34410A_USB", "DCS.Model34410A_USB\DCS.Model34410A_USB.csproj", "{C8BAF76C-C31C-46B8-A145-9C1F82AC6980}"
EndProject
Project("{FAE04EC0-301F-11D3-BF4B-00C04F79EFBC}") = "DCS.ModelGDM906X_COM", "DCS.ModelGDM906X_COM\DCS.ModelGDM906X_COM.csproj", "{A2F81C1E-7A0D-4D34-9A73-B09F56B43264}"
EndProject
Project("{2150E333-8FDC-42A3-9474-1A3956D46DE8}") = "Multimeter", "Multimeter", "{9DA491B3-2A62-4CC5-8F3A-75066966A7A9}"
EndProject
Project("{FAE04EC0-301F-11D3-BF4B-00C04F79EFBC}") = "DCS.ComDriver", "DCS.USBDriver\DCS.ComDriver.csproj", "{F54A0593-7CF5-4E15-9789-99473FC5573A}"
EndProject
Project("{FAE04EC0-301F-11D3-BF4B-00C04F79EFBC}") = "DCS.GPIBDriver", "DCS.GPIBDriver\DCS.GPIBDriver.csproj", "{F18EECB7-A304-4899-8D6C-83368AE07ADD}"
EndProject
Project("{FAE04EC0-301F-11D3-BF4B-00C04F79EFBC}") = "DCS.Common", "DCS.Common\DCS.Common.csproj", "{9B5A8A5D-7834-4DB3-A0C0-5C9BF9347EE4}"
EndProject
Global
	GlobalSection(SolutionConfigurationPlatforms) = preSolution
		Debug|Any CPU = Debug|Any CPU
		Debug|x86 = Debug|x86
		Release|Any CPU = Release|Any CPU
		Release|x86 = Release|x86
	EndGlobalSection
	GlobalSection(ProjectConfigurationPlatforms) = postSolution
		{7878040A-2286-4A53-A2CA-05B683DC0ABA}.Debug|Any CPU.ActiveCfg = Debug|Any CPU
		{7878040A-2286-4A53-A2CA-05B683DC0ABA}.Debug|Any CPU.Build.0 = Debug|Any CPU
		{7878040A-2286-4A53-A2CA-05B683DC0ABA}.Debug|x86.ActiveCfg = Debug|Any CPU
		{7878040A-2286-4A53-A2CA-05B683DC0ABA}.Debug|x86.Build.0 = Debug|Any CPU
		{7878040A-2286-4A53-A2CA-05B683DC0ABA}.Release|Any CPU.ActiveCfg = Release|Any CPU
		{7878040A-2286-4A53-A2CA-05B683DC0ABA}.Release|Any CPU.Build.0 = Release|Any CPU
		{7878040A-2286-4A53-A2CA-05B683DC0ABA}.Release|x86.ActiveCfg = Release|Any CPU
		{7878040A-2286-4A53-A2CA-05B683DC0ABA}.Release|x86.Build.0 = Release|Any CPU
		{B444795C-8159-4711-A521-C9B269617367}.Debug|Any CPU.ActiveCfg = Debug|Any CPU
		{B444795C-8159-4711-A521-C9B269617367}.Debug|Any CPU.Build.0 = Debug|Any CPU
		{B444795C-8159-4711-A521-C9B269617367}.Debug|x86.ActiveCfg = Debug|Any CPU
		{B444795C-8159-4711-A521-C9B269617367}.Debug|x86.Build.0 = Debug|Any CPU
		{B444795C-8159-4711-A521-C9B269617367}.Release|Any CPU.ActiveCfg = Release|Any CPU
		{B444795C-8159-4711-A521-C9B269617367}.Release|Any CPU.Build.0 = Release|Any CPU
		{B444795C-8159-4711-A521-C9B269617367}.Release|x86.ActiveCfg = Release|Any CPU
		{B444795C-8159-4711-A521-C9B269617367}.Release|x86.Build.0 = Release|Any CPU
		{E33E3272-6844-4CEE-B7D9-A2752D667C20}.Debug|Any CPU.ActiveCfg = Debug|Any CPU
		{E33E3272-6844-4CEE-B7D9-A2752D667C20}.Debug|Any CPU.Build.0 = Debug|Any CPU
		{E33E3272-6844-4CEE-B7D9-A2752D667C20}.Debug|x86.ActiveCfg = Debug|x86
		{E33E3272-6844-4CEE-B7D9-A2752D667C20}.Debug|x86.Build.0 = Debug|x86
		{E33E3272-6844-4CEE-B7D9-A2752D667C20}.Release|Any CPU.ActiveCfg = Release|Any CPU
		{E33E3272-6844-4CEE-B7D9-A2752D667C20}.Release|Any CPU.Build.0 = Release|Any CPU
		{E33E3272-6844-4CEE-B7D9-A2752D667C20}.Release|x86.ActiveCfg = Release|x86
		{E33E3272-6844-4CEE-B7D9-A2752D667C20}.Release|x86.Build.0 = Release|x86
		{AB5B1BE2-F360-4C63-A9E8-64C85B411539}.Debug|Any CPU.ActiveCfg = Debug|Any CPU
		{AB5B1BE2-F360-4C63-A9E8-64C85B411539}.Debug|Any CPU.Build.0 = Debug|Any CPU
		{AB5B1BE2-F360-4C63-A9E8-64C85B411539}.Debug|x86.ActiveCfg = Debug|x86
		{AB5B1BE2-F360-4C63-A9E8-64C85B411539}.Debug|x86.Build.0 = Debug|x86
		{AB5B1BE2-F360-4C63-A9E8-64C85B411539}.Release|Any CPU.ActiveCfg = Release|Any CPU
		{AB5B1BE2-F360-4C63-A9E8-64C85B411539}.Release|Any CPU.Build.0 = Release|Any CPU
		{AB5B1BE2-F360-4C63-A9E8-64C85B411539}.Release|x86.ActiveCfg = Release|x86
		{AB5B1BE2-F360-4C63-A9E8-64C85B411539}.Release|x86.Build.0 = Release|x86
		{C8BAF76C-C31C-46B8-A145-9C1F82AC6980}.Debug|Any CPU.ActiveCfg = Debug|Any CPU
		{C8BAF76C-C31C-46B8-A145-9C1F82AC6980}.Debug|Any CPU.Build.0 = Debug|Any CPU
		{C8BAF76C-C31C-46B8-A145-9C1F82AC6980}.Debug|x86.ActiveCfg = Debug|x86
		{C8BAF76C-C31C-46B8-A145-9C1F82AC6980}.Debug|x86.Build.0 = Debug|x86
		{C8BAF76C-C31C-46B8-A145-9C1F82AC6980}.Release|Any CPU.ActiveCfg = Release|Any CPU
		{C8BAF76C-C31C-46B8-A145-9C1F82AC6980}.Release|Any CPU.Build.0 = Release|Any CPU
		{C8BAF76C-C31C-46B8-A145-9C1F82AC6980}.Release|x86.ActiveCfg = Release|x86
		{C8BAF76C-C31C-46B8-A145-9C1F82AC6980}.Release|x86.Build.0 = Release|x86
		{A2F81C1E-7A0D-4D34-9A73-B09F56B43264}.Debug|Any CPU.ActiveCfg = Debug|Any CPU
		{A2F81C1E-7A0D-4D34-9A73-B09F56B43264}.Debug|Any CPU.Build.0 = Debug|Any CPU
		{A2F81C1E-7A0D-4D34-9A73-B09F56B43264}.Debug|x86.ActiveCfg = Debug|x86
		{A2F81C1E-7A0D-4D34-9A73-B09F56B43264}.Debug|x86.Build.0 = Debug|x86
		{A2F81C1E-7A0D-4D34-9A73-B09F56B43264}.Release|Any CPU.ActiveCfg = Release|Any CPU
		{A2F81C1E-7A0D-4D34-9A73-B09F56B43264}.Release|Any CPU.Build.0 = Release|Any CPU
		{A2F81C1E-7A0D-4D34-9A73-B09F56B43264}.Release|x86.ActiveCfg = Release|x86
		{A2F81C1E-7A0D-4D34-9A73-B09F56B43264}.Release|x86.Build.0 = Release|x86
		{F54A0593-7CF5-4E15-9789-99473FC5573A}.Debug|Any CPU.ActiveCfg = Debug|Any CPU
		{F54A0593-7CF5-4E15-9789-99473FC5573A}.Debug|Any CPU.Build.0 = Debug|Any CPU
		{F54A0593-7CF5-4E15-9789-99473FC5573A}.Debug|x86.ActiveCfg = Debug|x86
		{F54A0593-7CF5-4E15-9789-99473FC5573A}.Debug|x86.Build.0 = Debug|x86
		{F54A0593-7CF5-4E15-9789-99473FC5573A}.Release|Any CPU.ActiveCfg = Release|Any CPU
		{F54A0593-7CF5-4E15-9789-99473FC5573A}.Release|Any CPU.Build.0 = Release|Any CPU
		{F54A0593-7CF5-4E15-9789-99473FC5573A}.Release|x86.ActiveCfg = Release|x86
		{F54A0593-7CF5-4E15-9789-99473FC5573A}.Release|x86.Build.0 = Release|x86
		{F18EECB7-A304-4899-8D6C-83368AE07ADD}.Debug|Any CPU.ActiveCfg = Debug|Any CPU
		{F18EECB7-A304-4899-8D6C-83368AE07ADD}.Debug|Any CPU.Build.0 = Debug|Any CPU
		{F18EECB7-A304-4899-8D6C-83368AE07ADD}.Debug|x86.ActiveCfg = Debug|x86
		{F18EECB7-A304-4899-8D6C-83368AE07ADD}.Debug|x86.Build.0 = Debug|x86
		{F18EECB7-A304-4899-8D6C-83368AE07ADD}.Release|Any CPU.ActiveCfg = Release|Any CPU
		{F18EECB7-A304-4899-8D6C-83368AE07ADD}.Release|Any CPU.Build.0 = Release|Any CPU
		{F18EECB7-A304-4899-8D6C-83368AE07ADD}.Release|x86.ActiveCfg = Release|x86
		{F18EECB7-A304-4899-8D6C-83368AE07ADD}.Release|x86.Build.0 = Release|x86
		{9B5A8A5D-7834-4DB3-A0C0-5C9BF9347EE4}.Debug|Any CPU.ActiveCfg = Debug|Any CPU
		{9B5A8A5D-7834-4DB3-A0C0-5C9BF9347EE4}.Debug|Any CPU.Build.0 = Debug|Any CPU
		{9B5A8A5D-7834-4DB3-A0C0-5C9BF9347EE4}.Debug|x86.ActiveCfg = Debug|x86
		{9B5A8A5D-7834-4DB3-A0C0-5C9BF9347EE4}.Debug|x86.Build.0 = Debug|x86
		{9B5A8A5D-7834-4DB3-A0C0-5C9BF9347EE4}.Release|Any CPU.ActiveCfg = Release|Any CPU
		{9B5A8A5D-7834-4DB3-A0C0-5C9BF9347EE4}.Release|Any CPU.Build.0 = Release|Any CPU
		{9B5A8A5D-7834-4DB3-A0C0-5C9BF9347EE4}.Release|x86.ActiveCfg = Release|x86
		{9B5A8A5D-7834-4DB3-A0C0-5C9BF9347EE4}.Release|x86.Build.0 = Release|x86
	EndGlobalSection
	GlobalSection(SolutionProperties) = preSolution
		HideSolutionNode = FALSE
	EndGlobalSection
	GlobalSection(NestedProjects) = preSolution
		{E33E3272-6844-4CEE-B7D9-A2752D667C20} = {9DA491B3-2A62-4CC5-8F3A-75066966A7A9}
		{AB5B1BE2-F360-4C63-A9E8-64C85B411539} = {9DA491B3-2A62-4CC5-8F3A-75066966A7A9}
		{C8BAF76C-C31C-46B8-A145-9C1F82AC6980} = {9DA491B3-2A62-4CC5-8F3A-75066966A7A9}
		{A2F81C1E-7A0D-4D34-9A73-B09F56B43264} = {9DA491B3-2A62-4CC5-8F3A-75066966A7A9}
		{F54A0593-7CF5-4E15-9789-99473FC5573A} = {9DA491B3-2A62-4CC5-8F3A-75066966A7A9}
		{F18EECB7-A304-4899-8D6C-83368AE07ADD} = {9DA491B3-2A62-4CC5-8F3A-75066966A7A9}
	EndGlobalSection
EndGlobal
