
Microsoft Visual Studio Solution File, Format Version 12.00
# Visual Studio Version 16
VisualStudioVersion = 16.0.31424.327
MinimumVisualStudioVersion = 10.0.40219.1
Project("{FAE04EC0-301F-11D3-BF4B-00C04F79EFBC}") = "LDTY_OCV", "LDTY_OCV.csproj", "{6E4170D8-0423-41A0-A723-34102CD1935D}"
EndProject
Project("{FAE04EC0-301F-11D3-BF4B-00C04F79EFBC}") = "ChannleAdjust", "..\ChannleAdjust\ChannleAdjust.csproj", "{BD155A70-FE9A-4D04-AA53-72C5894EB78E}"
EndProject
Project("{FAE04EC0-301F-11D3-BF4B-00C04F79EFBC}") = "DCS.Model2700_COM", "DBCOM\COM\DCS.Model2700_COM\DCS.Model2700_COM.csproj", "{E33E3272-6844-4CEE-B7D9-A2752D667C20}"
EndProject
Global
	GlobalSection(SolutionConfigurationPlatforms) = preSolution
		Debug|Any CPU = Debug|Any CPU
		Debug|x86 = Debug|x86
		Release|Any CPU = Release|Any CPU
		Release|x86 = Release|x86
	EndGlobalSection
	GlobalSection(ProjectConfigurationPlatforms) = postSolution
		{6E4170D8-0423-41A0-A723-34102CD1935D}.Debug|Any CPU.ActiveCfg = Debug|x86
		{6E4170D8-0423-41A0-A723-34102CD1935D}.Debug|Any CPU.Build.0 = Debug|x86
		{6E4170D8-0423-41A0-A723-34102CD1935D}.Debug|x86.ActiveCfg = Release|x86
		{6E4170D8-0423-41A0-A723-34102CD1935D}.Debug|x86.Build.0 = Release|x86
		{6E4170D8-0423-41A0-A723-34102CD1935D}.Release|Any CPU.ActiveCfg = Release|x86
		{6E4170D8-0423-41A0-A723-34102CD1935D}.Release|x86.ActiveCfg = Release|x86
		{6E4170D8-0423-41A0-A723-34102CD1935D}.Release|x86.Build.0 = Release|x86
		{BD155A70-FE9A-4D04-AA53-72C5894EB78E}.Debug|Any CPU.ActiveCfg = Debug|Any CPU
		{BD155A70-FE9A-4D04-AA53-72C5894EB78E}.Debug|Any CPU.Build.0 = Debug|Any CPU
		{BD155A70-FE9A-4D04-AA53-72C5894EB78E}.Debug|x86.ActiveCfg = Debug|Any CPU
		{BD155A70-FE9A-4D04-AA53-72C5894EB78E}.Debug|x86.Build.0 = Debug|Any CPU
		{BD155A70-FE9A-4D04-AA53-72C5894EB78E}.Release|Any CPU.ActiveCfg = Release|Any CPU
		{BD155A70-FE9A-4D04-AA53-72C5894EB78E}.Release|Any CPU.Build.0 = Release|Any CPU
		{BD155A70-FE9A-4D04-AA53-72C5894EB78E}.Release|x86.ActiveCfg = Release|Any CPU
		{BD155A70-FE9A-4D04-AA53-72C5894EB78E}.Release|x86.Build.0 = Release|Any CPU
		{E33E3272-6844-4CEE-B7D9-A2752D667C20}.Debug|Any CPU.ActiveCfg = Debug|Any CPU
		{E33E3272-6844-4CEE-B7D9-A2752D667C20}.Debug|Any CPU.Build.0 = Debug|Any CPU
		{E33E3272-6844-4CEE-B7D9-A2752D667C20}.Debug|x86.ActiveCfg = Debug|x86
		{E33E3272-6844-4CEE-B7D9-A2752D667C20}.Debug|x86.Build.0 = Debug|x86
		{E33E3272-6844-4CEE-B7D9-A2752D667C20}.Release|Any CPU.ActiveCfg = Release|Any CPU
		{E33E3272-6844-4CEE-B7D9-A2752D667C20}.Release|Any CPU.Build.0 = Release|Any CPU
		{E33E3272-6844-4CEE-B7D9-A2752D667C20}.Release|x86.ActiveCfg = Release|x86
		{E33E3272-6844-4CEE-B7D9-A2752D667C20}.Release|x86.Build.0 = Release|x86
	EndGlobalSection
	GlobalSection(SolutionProperties) = preSolution
		HideSolutionNode = FALSE
	EndGlobalSection
	GlobalSection(ExtensibilityGlobals) = postSolution
		SolutionGuid = {D89A11AA-490B-49D5-85AE-486A8711F90B}
	EndGlobalSection
EndGlobal
